
Microsoft Visual Studio Solution File, Format Version 12.00
# Visual Studio Version 17
VisualStudioVersion = 17.0.31903.59
MinimumVisualStudioVersion = 10.0.40219.1
Project("{FAE04EC0-301F-11D3-BF4B-00C04F79EFBC}") = "Planovac_Udalosti", "Planovac_Udalosti\Planovac_Udalosti.csproj", "{02241DD0-0468-40D3-8CD4-A03FE31FA0EC}"
EndProject
Global
	GlobalSection(SolutionConfigurationPlatforms) = preSolution
		Debug|Any CPU = Debug|Any CPU
		Release|Any CPU = Release|Any CPU
	EndGlobalSection
	GlobalSection(SolutionProperties) = preSolution
		HideSolutionNode = FALSE
	EndGlobalSection
	GlobalSection(ProjectConfigurationPlatforms) = postSolution
		{02241DD0-0468-40D3-8CD4-A03FE31FA0EC}.Debug|Any CPU.ActiveCfg = Debug|Any CPU
		{02241DD0-0468-40D3-8CD4-A03FE31FA0EC}.Debug|Any CPU.Build.0 = Debug|Any CPU
		{02241DD0-0468-40D3-8CD4-A03FE31FA0EC}.Release|Any CPU.ActiveCfg = Release|Any CPU
		{02241DD0-0468-40D3-8CD4-A03FE31FA0EC}.Release|Any CPU.Build.0 = Release|Any CPU
	EndGlobalSection
EndGlobal
